Microsoft Visual Studio Solution File, Format Version 12.00
# Visual Studio Version 17
VisualStudioVersion = 17.5.2.0
MinimumVisualStudioVersion = 10.0.40219.1
Project("{FAE04EC0-301F-11D3-BF4B-00C04F79EFBC}") = "EPractice", "EPractice\EPractice.csproj", "{B43D8FB6-7FE0-3AB5-18E4-4467D464327B}"
EndProject
Project("{FAE04EC0-301F-11D3-BF4B-00C04F79EFBC}") = "Epractice.Tests", "Epractice.Tests\Epractice.Tests.csproj", "{C8D717A9-AF59-8970-771B-3576DDCB2C24}"
EndProject
Global
	GlobalSection(SolutionConfigurationPlatforms) = preSolution
		Debug|Any CPU = Debug|Any CPU
		Release|Any CPU = Release|Any CPU
	EndGlobalSection
	GlobalSection(ProjectConfigurationPlatforms) = postSolution
		{B43D8FB6-7FE0-3AB5-18E4-4467D464327B}.Debug|Any CPU.ActiveCfg = Debug|Any CPU
		{B43D8FB6-7FE0-3AB5-18E4-4467D464327B}.Debug|Any CPU.Build.0 = Debug|Any CPU
		{B43D8FB6-7FE0-3AB5-18E4-4467D464327B}.Release|Any CPU.ActiveCfg = Release|Any CPU
		{B43D8FB6-7FE0-3AB5-18E4-4467D464327B}.Release|Any CPU.Build.0 = Release|Any CPU
		{C8D717A9-AF59-8970-771B-3576DDCB2C24}.Debug|Any CPU.ActiveCfg = Debug|Any CPU
		{C8D717A9-AF59-8970-771B-3576DDCB2C24}.Debug|Any CPU.Build.0 = Debug|Any CPU
		{C8D717A9-AF59-8970-771B-3576DDCB2C24}.Release|Any CPU.ActiveCfg = Release|Any CPU
		{C8D717A9-AF59-8970-771B-3576DDCB2C24}.Release|Any CPU.Build.0 = Release|Any CPU
	EndGlobalSection
	GlobalSection(SolutionProperties) = preSolution
		HideSolutionNode = FALSE
	EndGlobalSection
	GlobalSection(ExtensibilityGlobals) = postSolution
		SolutionGuid = {E0A9A8AE-E5AB-4814-8E2A-B872F0B74F88}
	EndGlobalSection
EndGlobal
